
Microsoft Visual Studio Solution File, Format Version 12.00
# Visual Studio Version 17
VisualStudioVersion = 17.8.34525.116
MinimumVisualStudioVersion = 10.0.40219.1
Project("{FAE04EC0-301F-11D3-BF4B-00C04F79EFBC}") = "ConsoleAppParOuImpar", "ConsoleAppParOuImpar\ConsoleAppParOuImpar.csproj", "{1C28353B-FB26-44BE-812A-8F2A885963BF}"
EndProject
Global
	GlobalSection(SolutionConfigurationPlatforms) = preSolution
		Debug|Any CPU = Debug|Any CPU
		Release|Any CPU = Release|Any CPU
	EndGlobalSection
	GlobalSection(ProjectConfigurationPlatforms) = postSolution
		{1C28353B-FB26-44BE-812A-8F2A885963BF}.Debug|Any CPU.ActiveCfg = Debug|Any CPU
		{1C28353B-FB26-44BE-812A-8F2A885963BF}.Debug|Any CPU.Build.0 = Debug|Any CPU
		{1C28353B-FB26-44BE-812A-8F2A885963BF}.Release|Any CPU.ActiveCfg = Release|Any CPU
		{1C28353B-FB26-44BE-812A-8F2A885963BF}.Release|Any CPU.Build.0 = Release|Any CPU
	EndGlobalSection
	GlobalSection(SolutionProperties) = preSolution
		HideSolutionNode = FALSE
	EndGlobalSection
	GlobalSection(ExtensibilityGlobals) = postSolution
		SolutionGuid = {F99665CC-AC0B-45F5-A16B-ACDB93C66BC1}
	EndGlobalSection
EndGlobal
